
Microsoft Visual Studio Solution File, Format Version 12.00
# Visual Studio 15
VisualStudioVersion = 15.0.28307.168
MinimumVisualStudioVersion = 10.0.40219.1
Project("{FAE04EC0-301F-11D3-BF4B-00C04F79EFBC}") = "GunShop", "GunShop\GunShop.csproj", "{CD44D311-4DBC-410B-A608-1FAF2B9C7ABD}"
EndProject
Global
	GlobalSection(SolutionConfigurationPlatforms) = preSolution
		Debug|Any CPU = Debug|Any CPU
		Debug|ARM = Debug|ARM
		Debug|ARM64 = Debug|ARM64
		Debug|x64 = Debug|x64
		Debug|x86 = Debug|x86
		Release|Any CPU = Release|Any CPU
		Release|ARM = Release|ARM
		Release|ARM64 = Release|ARM64
		Release|x64 = Release|x64
		Release|x86 = Release|x86
	EndGlobalSection
	GlobalSection(ProjectConfigurationPlatforms) = postSolution
		{CD44D311-4DBC-410B-A608-1FAF2B9C7ABD}.Debug|Any CPU.ActiveCfg = Debug|Any CPU
		{CD44D311-4DBC-410B-A608-1FAF2B9C7ABD}.Debug|Any CPU.Build.0 = Debug|Any CPU
		{CD44D311-4DBC-410B-A608-1FAF2B9C7ABD}.Debug|ARM.ActiveCfg = Debug|ARM
		{CD44D311-4DBC-410B-A608-1FAF2B9C7ABD}.Debug|ARM.Build.0 = Debug|ARM
		{CD44D311-4DBC-410B-A608-1FAF2B9C7ABD}.Debug|ARM64.ActiveCfg = Debug|ARM64
		{CD44D311-4DBC-410B-A608-1FAF2B9C7ABD}.Debug|ARM64.Build.0 = Debug|ARM64
		{CD44D311-4DBC-410B-A608-1FAF2B9C7ABD}.Debug|x64.ActiveCfg = Debug|x64
		{CD44D311-4DBC-410B-A608-1FAF2B9C7ABD}.Debug|x64.Build.0 = Debug|x64
		{CD44D311-4DBC-410B-A608-1FAF2B9C7ABD}.Debug|x86.ActiveCfg = Debug|x86
		{CD44D311-4DBC-410B-A608-1FAF2B9C7ABD}.Debug|x86.Build.0 = Debug|x86
		{CD44D311-4DBC-410B-A608-1FAF2B9C7ABD}.Release|Any CPU.ActiveCfg = Release|Any CPU
		{CD44D311-4DBC-410B-A608-1FAF2B9C7ABD}.Release|Any CPU.Build.0 = Release|Any CPU
		{CD44D311-4DBC-410B-A608-1FAF2B9C7ABD}.Release|ARM.ActiveCfg = Release|ARM
		{CD44D311-4DBC-410B-A608-1FAF2B9C7ABD}.Release|ARM.Build.0 = Release|ARM
		{CD44D311-4DBC-410B-A608-1FAF2B9C7ABD}.Release|ARM64.ActiveCfg = Release|ARM64
		{CD44D311-4DBC-410B-A608-1FAF2B9C7ABD}.Release|ARM64.Build.0 = Release|ARM64
		{CD44D311-4DBC-410B-A608-1FAF2B9C7ABD}.Release|x64.ActiveCfg = Release|x64
		{CD44D311-4DBC-410B-A608-1FAF2B9C7ABD}.Release|x64.Build.0 = Release|x64
		{CD44D311-4DBC-410B-A608-1FAF2B9C7ABD}.Release|x86.ActiveCfg = Release|x86
		{CD44D311-4DBC-410B-A608-1FAF2B9C7ABD}.Release|x86.Build.0 = Release|x86
	EndGlobalSection
	GlobalSection(SolutionProperties) = preSolution
		HideSolutionNode = FALSE
	EndGlobalSection
	GlobalSection(ExtensibilityGlobals) = postSolution
		SolutionGuid = {48639C94-CD6C-4C76-A89C-0225E29789CD}
	EndGlobalSection
EndGlobal
